
Microsoft Visual Studio Solution File, Format Version 12.00
# Visual Studio Version 17
VisualStudioVersion = 17.0.31903.59
MinimumVisualStudioVersion = 10.0.40219.1
Project("{FAE04EC0-301F-11D3-BF4B-00C04F79EFBC}") = "Honalolo.Information.Domain", "Honalolo.Information.Domain\Honalolo.Information.Domain.csproj", "{58E5ED91-27E3-492C-92C3-5EA49BFF1D8C}"
EndProject
Project("{FAE04EC0-301F-11D3-BF4B-00C04F79EFBC}") = "Honalolo.Information.Infrastructure", "Honalolo.Information.Infrastructure\Honalolo.Information.Infrastructure.csproj", "{445B696C-9112-48E6-BE45-9EBCE23140FE}"
EndProject
Project("{FAE04EC0-301F-11D3-BF4B-00C04F79EFBC}") = "Honalolo.Information.Application", "Honalolo.Information.Application\Honalolo.Information.Application.csproj", "{75FF4368-F036-4E35-A708-579F8682545E}"
EndProject
Global
	GlobalSection(SolutionConfigurationPlatforms) = preSolution
		Debug|Any CPU = Debug|Any CPU
		Debug|x64 = Debug|x64
		Debug|x86 = Debug|x86
		Release|Any CPU = Release|Any CPU
		Release|x64 = Release|x64
		Release|x86 = Release|x86
	EndGlobalSection
	GlobalSection(ProjectConfigurationPlatforms) = postSolution
		{58E5ED91-27E3-492C-92C3-5EA49BFF1D8C}.Debug|Any CPU.ActiveCfg = Debug|Any CPU
		{58E5ED91-27E3-492C-92C3-5EA49BFF1D8C}.Debug|Any CPU.Build.0 = Debug|Any CPU
		{58E5ED91-27E3-492C-92C3-5EA49BFF1D8C}.Debug|x64.ActiveCfg = Debug|Any CPU
		{58E5ED91-27E3-492C-92C3-5EA49BFF1D8C}.Debug|x64.Build.0 = Debug|Any CPU
		{58E5ED91-27E3-492C-92C3-5EA49BFF1D8C}.Debug|x86.ActiveCfg = Debug|Any CPU
		{58E5ED91-27E3-492C-92C3-5EA49BFF1D8C}.Debug|x86.Build.0 = Debug|Any CPU
		{58E5ED91-27E3-492C-92C3-5EA49BFF1D8C}.Release|Any CPU.ActiveCfg = Release|Any CPU
		{58E5ED91-27E3-492C-92C3-5EA49BFF1D8C}.Release|Any CPU.Build.0 = Release|Any CPU
		{58E5ED91-27E3-492C-92C3-5EA49BFF1D8C}.Release|x64.ActiveCfg = Release|Any CPU
		{58E5ED91-27E3-492C-92C3-5EA49BFF1D8C}.Release|x64.Build.0 = Release|Any CPU
		{58E5ED91-27E3-492C-92C3-5EA49BFF1D8C}.Release|x86.ActiveCfg = Release|Any CPU
		{58E5ED91-27E3-492C-92C3-5EA49BFF1D8C}.Release|x86.Build.0 = Release|Any CPU
		{445B696C-9112-48E6-BE45-9EBCE23140FE}.Debug|Any CPU.ActiveCfg = Debug|Any CPU
		{445B696C-9112-48E6-BE45-9EBCE23140FE}.Debug|Any CPU.Build.0 = Debug|Any CPU
		{445B696C-9112-48E6-BE45-9EBCE23140FE}.Debug|x64.ActiveCfg = Debug|Any CPU
		{445B696C-9112-48E6-BE45-9EBCE23140FE}.Debug|x64.Build.0 = Debug|Any CPU
		{445B696C-9112-48E6-BE45-9EBCE23140FE}.Debug|x86.ActiveCfg = Debug|Any CPU
		{445B696C-9112-48E6-BE45-9EBCE23140FE}.Debug|x86.Build.0 = Debug|Any CPU
		{445B696C-9112-48E6-BE45-9EBCE23140FE}.Release|Any CPU.ActiveCfg = Release|Any CPU
		{445B696C-9112-48E6-BE45-9EBCE23140FE}.Release|Any CPU.Build.0 = Release|Any CPU
		{445B696C-9112-48E6-BE45-9EBCE23140FE}.Release|x64.ActiveCfg = Release|Any CPU
		{445B696C-9112-48E6-BE45-9EBCE23140FE}.Release|x64.Build.0 = Release|Any CPU
		{445B696C-9112-48E6-BE45-9EBCE23140FE}.Release|x86.ActiveCfg = Release|Any CPU
		{445B696C-9112-48E6-BE45-9EBCE23140FE}.Release|x86.Build.0 = Release|Any CPU
		{75FF4368-F036-4E35-A708-579F8682545E}.Debug|Any CPU.ActiveCfg = Debug|Any CPU
		{75FF4368-F036-4E35-A708-579F8682545E}.Debug|Any CPU.Build.0 = Debug|Any CPU
		{75FF4368-F036-4E35-A708-579F8682545E}.Debug|x64.ActiveCfg = Debug|Any CPU
		{75FF4368-F036-4E35-A708-579F8682545E}.Debug|x64.Build.0 = Debug|Any CPU
		{75FF4368-F036-4E35-A708-579F8682545E}.Debug|x86.ActiveCfg = Debug|Any CPU
		{75FF4368-F036-4E35-A708-579F8682545E}.Debug|x86.Build.0 = Debug|Any CPU
		{75FF4368-F036-4E35-A708-579F8682545E}.Release|Any CPU.ActiveCfg = Release|Any CPU
		{75FF4368-F036-4E35-A708-579F8682545E}.Release|Any CPU.Build.0 = Release|Any CPU
		{75FF4368-F036-4E35-A708-579F8682545E}.Release|x64.ActiveCfg = Release|Any CPU
		{75FF4368-F036-4E35-A708-579F8682545E}.Release|x64.Build.0 = Release|Any CPU
		{75FF4368-F036-4E35-A708-579F8682545E}.Release|x86.ActiveCfg = Release|Any CPU
		{75FF4368-F036-4E35-A708-579F8682545E}.Release|x86.Build.0 = Release|Any CPU
	EndGlobalSection
	GlobalSection(SolutionProperties) = preSolution
		HideSolutionNode = FALSE
	EndGlobalSection
EndGlobal
